
Microsoft Visual Studio Solution File, Format Version 12.00
# Visual Studio Version 17
VisualStudioVersion = 17.9.34622.214
MinimumVisualStudioVersion = 10.0.40219.1
Project("{9A19103F-16F7-4668-BE54-9A1E7A4F7556}") = "AzureDevOpsTool", "AzureDevOpsTool\AzureDevOpsTool.csproj", "{FBB8AE3F-C6F5-4683-B8E4-7F151DCA75EA}"
EndProject
Project("{FAE04EC0-301F-11D3-BF4B-00C04F79EFBC}") = "AzureDevOps.Service", "AzureDevOps.Service\AzureDevOps.Service.csproj", "{4953E3C2-4E61-4001-A2D1-9123EE96B5BD}"
EndProject
Global
	GlobalSection(SolutionConfigurationPlatforms) = preSolution
		Debug|Any CPU = Debug|Any CPU
		Release|Any CPU = Release|Any CPU
	EndGlobalSection
	GlobalSection(ProjectConfigurationPlatforms) = postSolution
		{FBB8AE3F-C6F5-4683-B8E4-7F151DCA75EA}.Debug|Any CPU.ActiveCfg = Debug|Any CPU
		{FBB8AE3F-C6F5-4683-B8E4-7F151DCA75EA}.Debug|Any CPU.Build.0 = Debug|Any CPU
		{FBB8AE3F-C6F5-4683-B8E4-7F151DCA75EA}.Release|Any CPU.ActiveCfg = Release|Any CPU
		{FBB8AE3F-C6F5-4683-B8E4-7F151DCA75EA}.Release|Any CPU.Build.0 = Release|Any CPU
		{4953E3C2-4E61-4001-A2D1-9123EE96B5BD}.Debug|Any CPU.ActiveCfg = Debug|Any CPU
		{4953E3C2-4E61-4001-A2D1-9123EE96B5BD}.Debug|Any CPU.Build.0 = Debug|Any CPU
		{4953E3C2-4E61-4001-A2D1-9123EE96B5BD}.Release|Any CPU.ActiveCfg = Release|Any CPU
		{4953E3C2-4E61-4001-A2D1-9123EE96B5BD}.Release|Any CPU.Build.0 = Release|Any CPU
	EndGlobalSection
	GlobalSection(SolutionProperties) = preSolution
		HideSolutionNode = FALSE
	EndGlobalSection
	GlobalSection(ExtensibilityGlobals) = postSolution
		SolutionGuid = {35660AA0-42E5-4E20-AC91-423FF8D52387}
	EndGlobalSection
EndGlobal
